
Microsoft Visual Studio Solution File, Format Version 12.00
# Visual Studio Version 17
VisualStudioVersion = 17.8.34408.163
MinimumVisualStudioVersion = 10.0.40219.1
Project("{FAE04EC0-301F-11D3-BF4B-00C04F79EFBC}") = "MyDesktopTool", "MyDesktopTool\MyDesktopTool.csproj", "{D3B83259-C2ED-44FB-9955-801BA0CA9827}"
EndProject
Global
	GlobalSection(SolutionConfigurationPlatforms) = preSolution
		Debug|Any CPU = Debug|Any CPU
		Debug|x64 = Debug|x64
		Debug|x86 = Debug|x86
		Release|Any CPU = Release|Any CPU
		Release|x64 = Release|x64
		Release|x86 = Release|x86
	EndGlobalSection
	GlobalSection(ProjectConfigurationPlatforms) = postSolution
		{D3B83259-C2ED-44FB-9955-801BA0CA9827}.Debug|Any CPU.ActiveCfg = Debug|x86
		{D3B83259-C2ED-44FB-9955-801BA0CA9827}.Debug|Any CPU.Build.0 = Debug|x86
		{D3B83259-C2ED-44FB-9955-801BA0CA9827}.Debug|x64.ActiveCfg = Debug|x64
		{D3B83259-C2ED-44FB-9955-801BA0CA9827}.Debug|x64.Build.0 = Debug|x64
		{D3B83259-C2ED-44FB-9955-801BA0CA9827}.Debug|x86.ActiveCfg = Debug|x86
		{D3B83259-C2ED-44FB-9955-801BA0CA9827}.Debug|x86.Build.0 = Debug|x86
		{D3B83259-C2ED-44FB-9955-801BA0CA9827}.Release|Any CPU.ActiveCfg = Release|Any CPU
		{D3B83259-C2ED-44FB-9955-801BA0CA9827}.Release|Any CPU.Build.0 = Release|Any CPU
		{D3B83259-C2ED-44FB-9955-801BA0CA9827}.Release|x64.ActiveCfg = Release|x64
		{D3B83259-C2ED-44FB-9955-801BA0CA9827}.Release|x64.Build.0 = Release|x64
		{D3B83259-C2ED-44FB-9955-801BA0CA9827}.Release|x86.ActiveCfg = Release|x86
		{D3B83259-C2ED-44FB-9955-801BA0CA9827}.Release|x86.Build.0 = Release|x86
	EndGlobalSection
	GlobalSection(SolutionProperties) = preSolution
		HideSolutionNode = FALSE
	EndGlobalSection
	GlobalSection(ExtensibilityGlobals) = postSolution
		SolutionGuid = {41ED6D8B-6504-4652-A5CC-3A18B72FC5CA}
	EndGlobalSection
EndGlobal
